
Microsoft Visual Studio Solution File, Format Version 12.00
# Visual Studio 15
VisualStudioVersion = 15.0.28010.2019
MinimumVisualStudioVersion = 10.0.40219.1
Project("{888888A0-9F3D-457C-B088-3A5042F75D52}") = "PythonStudy", "PythonStudy\PythonStudy.pyproj", "{3A71CF38-0F03-4415-A276-04F8470102B0}"
EndProject
Global
	GlobalSection(SolutionConfigurationPlatforms) = preSolution
		Debug|Any CPU = Debug|Any CPU
		Release|Any CPU = Release|Any CPU
	EndGlobalSection
	GlobalSection(ProjectConfigurationPlatforms) = postSolution
		{3A71CF38-0F03-4415-A276-04F8470102B0}.Debug|Any CPU.ActiveCfg = Debug|Any CPU
		{3A71CF38-0F03-4415-A276-04F8470102B0}.Release|Any CPU.ActiveCfg = Release|Any CPU
	EndGlobalSection
	GlobalSection(SolutionProperties) = preSolution
		HideSolutionNode = FALSE
	EndGlobalSection
	GlobalSection(ExtensibilityGlobals) = postSolution
		SolutionGuid = {C8944B8F-277E-4C0B-BC6F-1A1BBF12D3E7}
	EndGlobalSection
EndGlobal
